
Microsoft Visual Studio Solution File, Format Version 12.00
# Visual Studio Version 16
VisualStudioVersion = 16.0.31729.503
MinimumVisualStudioVersion = 10.0.40219.1
Project("{FAE04EC0-301F-11D3-BF4B-00C04F79EFBC}") = "ServiceReservasi", "ServiceReservasi\ServiceReservasi.csproj", "{F87D4950-54FC-40AF-86DB-61E4935F6872}"
EndProject
Global
	GlobalSection(SolutionConfigurationPlatforms) = preSolution
		Debug|Any CPU = Debug|Any CPU
		Release|Any CPU = Release|Any CPU
	EndGlobalSection
	GlobalSection(ProjectConfigurationPlatforms) = postSolution
		{F87D4950-54FC-40AF-86DB-61E4935F6872}.Debug|Any CPU.ActiveCfg = Debug|Any CPU
		{F87D4950-54FC-40AF-86DB-61E4935F6872}.Debug|Any CPU.Build.0 = Debug|Any CPU
		{F87D4950-54FC-40AF-86DB-61E4935F6872}.Release|Any CPU.ActiveCfg = Release|Any CPU
		{F87D4950-54FC-40AF-86DB-61E4935F6872}.Release|Any CPU.Build.0 = Release|Any CPU
	EndGlobalSection
	GlobalSection(SolutionProperties) = preSolution
		HideSolutionNode = FALSE
	EndGlobalSection
	GlobalSection(ExtensibilityGlobals) = postSolution
		SolutionGuid = {EAE0E043-FF16-467C-8C4C-8F49E2053317}
	EndGlobalSection
EndGlobal
